{
    "version": 3,
    "terraform_version": "0.8.8",
    "serial": 3,
    "lineage": "84d28b1a-8ca7-45a5-9919-ccfd0f062735",
    "modules": [
        {
            "path": [
                "root"
            ],
            "outputs": {},
            "resources": {
                "aws_instance.example": {
                    "type": "aws_instance",
                    "depends_on": [
                        "aws_key_pair.mykeypair",
                        "aws_security_group.example-instance",
                        "aws_subnet.main-public-1"
                    ],
                    "primary": {
                        "id": "i-0becd9a054f367ea5",
                        "attributes": {
                            "ami": "ami-c9239eaa",
                            "associate_public_ip_address": "true",
                            "availability_zone": "ap-southeast-1a",
                            "disable_api_termination": "false",
                            "ebs_block_device.#": "0",
                            "ebs_optimized": "false",
                            "ephemeral_block_device.#": "0",
                            "iam_instance_profile": "",
                            "id": "i-0becd9a054f367ea5",
                            "instance_state": "running",
                            "instance_type": "t2.micro",
                            "ipv6_address_count": "0",
                            "ipv6_addresses.#": "0",
                            "key_name": "mykeypair",
                            "monitoring": "false",
                            "network_interface_id": "eni-8551adfe",
                            "private_dns": "ip-10-0-1-172.ap-southeast-1.compute.internal",
                            "private_ip": "10.0.1.172",
                            "public_dns": "ec2-54-169-195-7.ap-southeast-1.compute.amazonaws.com",
                            "public_ip": "54.169.195.7",
                            "root_block_device.#": "1",
                            "root_block_device.0.delete_on_termination": "true",
                            "root_block_device.0.iops": "100",
                            "root_block_device.0.volume_size": "8",
                            "root_block_device.0.volume_type": "gp2",
                            "security_groups.#": "0",
                            "source_dest_check": "true",
                            "subnet_id": "subnet-e59cc581",
                            "tags.%": "0",
                            "tenancy": "default",
                            "vpc_security_group_ids.#": "1",
                            "vpc_security_group_ids.2685560830": "sg-02caa665"
                        },
                        "meta": {
                            "schema_version": "1"
                        },
                        "tainted": false
                    },
                    "deposed": [],
                    "provider": ""
                },
                "aws_internet_gateway.main-gw": {
                    "type": "aws_internet_gateway",
                    "depends_on": [
                        "aws_vpc.main"
                    ],
                    "primary": {
                        "id": "igw-954578f0",
                        "attributes": {
                            "id": "igw-954578f0",
                            "tags.%": "1",
                            "tags.Name": "main",
                            "vpc_id": "vpc-1d039e79"
                        },
                        "meta": {},
                        "tainted": false
                    },
                    "deposed": [],
                    "provider": ""
                },
                "aws_key_pair.mykeypair": {
                    "type": "aws_key_pair",
                    "depends_on": [],
                    "primary": {
                        "id": "mykeypair",
                        "attributes": {
                            "id": "mykeypair",
                            "key_name": "mykeypair",
                            "public_key": "ssh-rsa AAAAB3NzaC1yc2EAAAADAQABAAABAQDZFkV+DP/io5qrA9DjlStMIauF9j9dV9oiEMMUrUaLHjITTwQvr+SzxOLT7xhcJhe/EvLe4iMtFwbiSv1meGsiCFaRvN+0Lh2NoFS0iiX/CftXnKez9UPCWweYo6g+gYniGvzmEH+mT4jRTcFvuWyhnL0RsjAFWVrshye+eX2o5RdWBotMM9JPxp/EQztG1ffOcZzqjOt5aDJaVHX5LfJDhrSq9W4PgulvtoVGyz6N1yf2UtVaDT+o+VX5e7r2rnBGQH0TpnXQ4EkVUIHLL/GZOdxupsUQ9LcXlIkjeGYQq3sMjxhGw9WpQMvcn3z7OxroJpCo2lRYPQekQazbraWn heriyanto@Changes-MacBook-Pro.local"
                        },
                        "meta": {
                            "schema_version": "1"
                        },
                        "tainted": false
                    },
                    "deposed": [],
                    "provider": ""
                },
                "aws_route_table.main-public": {
                    "type": "aws_route_table",
                    "depends_on": [
                        "aws_internet_gateway.main-gw",
                        "aws_vpc.main"
                    ],
                    "primary": {
                        "id": "rtb-e1587f85",
                        "attributes": {
                            "id": "rtb-e1587f85",
                            "propagating_vgws.#": "0",
                            "route.#": "1",
                            "route.3991807841.cidr_block": "0.0.0.0/0",
                            "route.3991807841.gateway_id": "igw-954578f0",
                            "route.3991807841.instance_id": "",
                            "route.3991807841.nat_gateway_id": "",
                            "route.3991807841.network_interface_id": "",
                            "route.3991807841.vpc_peering_connection_id": "",
                            "tags.%": "1",
                            "tags.Name": "main-public-1",
                            "vpc_id": "vpc-1d039e79"
                        },
                        "meta": {},
                        "tainted": false
                    },
                    "deposed": [],
                    "provider": ""
                },
                "aws_route_table_association.main-public-1-a": {
                    "type": "aws_route_table_association",
                    "depends_on": [
                        "aws_route_table.main-public",
                        "aws_subnet.main-public-1"
                    ],
                    "primary": {
                        "id": "rtbassoc-4736eb20",
                        "attributes": {
                            "id": "rtbassoc-4736eb20",
                            "route_table_id": "rtb-e1587f85",
                            "subnet_id": "subnet-e59cc581"
                        },
                        "meta": {},
                        "tainted": false
                    },
                    "deposed": [],
                    "provider": ""
                },
                "aws_route_table_association.main-public-2-a": {
                    "type": "aws_route_table_association",
                    "depends_on": [
                        "aws_route_table.main-public",
                        "aws_subnet.main-public-2"
                    ],
                    "primary": {
                        "id": "rtbassoc-bb36ebdc",
                        "attributes": {
                            "id": "rtbassoc-bb36ebdc",
                            "route_table_id": "rtb-e1587f85",
                            "subnet_id": "subnet-54195422"
                        },
                        "meta": {},
                        "tainted": false
                    },
                    "deposed": [],
                    "provider": ""
                },
                "aws_security_group.example-instance": {
                    "type": "aws_security_group",
                    "depends_on": [
                        "aws_vpc.main"
                    ],
                    "primary": {
                        "id": "sg-02caa665",
                        "attributes": {
                            "description": "security group that allows ssh and all egress traffic",
                            "egress.#": "1",
                            "egress.482069346.cidr_blocks.#": "1",
                            "egress.482069346.cidr_blocks.0": "0.0.0.0/0",
                            "egress.482069346.from_port": "0",
                            "egress.482069346.prefix_list_ids.#": "0",
                            "egress.482069346.protocol": "-1",
                            "egress.482069346.security_groups.#": "0",
                            "egress.482069346.self": "false",
                            "egress.482069346.to_port": "0",
                            "id": "sg-02caa665",
                            "ingress.#": "1",
                            "ingress.2541437006.cidr_blocks.#": "1",
                            "ingress.2541437006.cidr_blocks.0": "0.0.0.0/0",
                            "ingress.2541437006.from_port": "22",
                            "ingress.2541437006.protocol": "tcp",
                            "ingress.2541437006.security_groups.#": "0",
                            "ingress.2541437006.self": "false",
                            "ingress.2541437006.to_port": "22",
                            "name": "allow-ssh",
                            "owner_id": "729393702601",
                            "tags.%": "1",
                            "tags.Name": "example-instance",
                            "vpc_id": "vpc-1d039e79"
                        },
                        "meta": {},
                        "tainted": false
                    },
                    "deposed": [],
                    "provider": ""
                },
                "aws_subnet.main-private-1": {
                    "type": "aws_subnet",
                    "depends_on": [
                        "aws_vpc.main"
                    ],
                    "primary": {
                        "id": "subnet-9b9fc6ff",
                        "attributes": {
                            "assign_ipv6_address_on_creation": "false",
                            "availability_zone": "ap-southeast-1a",
                            "cidr_block": "10.0.4.0/24",
                            "id": "subnet-9b9fc6ff",
                            "map_public_ip_on_launch": "false",
                            "tags.%": "1",
                            "tags.Name": "main-private-1",
                            "vpc_id": "vpc-1d039e79"
                        },
                        "meta": {},
                        "tainted": false
                    },
                    "deposed": [],
                    "provider": ""
                },
                "aws_subnet.main-private-2": {
                    "type": "aws_subnet",
                    "depends_on": [
                        "aws_vpc.main"
                    ],
                    "primary": {
                        "id": "subnet-101e5366",
                        "attributes": {
                            "assign_ipv6_address_on_creation": "false",
                            "availability_zone": "ap-southeast-1b",
                            "cidr_block": "10.0.5.0/24",
                            "id": "subnet-101e5366",
                            "map_public_ip_on_launch": "false",
                            "tags.%": "1",
                            "tags.Name": "main-private-2",
                            "vpc_id": "vpc-1d039e79"
                        },
                        "meta": {},
                        "tainted": false
                    },
                    "deposed": [],
                    "provider": ""
                },
                "aws_subnet.main-public-1": {
                    "type": "aws_subnet",
                    "depends_on": [
                        "aws_vpc.main"
                    ],
                    "primary": {
                        "id": "subnet-e59cc581",
                        "attributes": {
                            "assign_ipv6_address_on_creation": "false",
                            "availability_zone": "ap-southeast-1a",
                            "cidr_block": "10.0.1.0/24",
                            "id": "subnet-e59cc581",
                            "map_public_ip_on_launch": "true",
                            "tags.%": "1",
                            "tags.Name": "main-public-1",
                            "vpc_id": "vpc-1d039e79"
                        },
                        "meta": {},
                        "tainted": false
                    },
                    "deposed": [],
                    "provider": ""
                },
                "aws_subnet.main-public-2": {
                    "type": "aws_subnet",
                    "depends_on": [
                        "aws_vpc.main"
                    ],
                    "primary": {
                        "id": "subnet-54195422",
                        "attributes": {
                            "assign_ipv6_address_on_creation": "false",
                            "availability_zone": "ap-southeast-1b",
                            "cidr_block": "10.0.2.0/24",
                            "id": "subnet-54195422",
                            "map_public_ip_on_launch": "true",
                            "tags.%": "1",
                            "tags.Name": "main-public-2",
                            "vpc_id": "vpc-1d039e79"
                        },
                        "meta": {},
                        "tainted": false
                    },
                    "deposed": [],
                    "provider": ""
                },
                "aws_vpc.main": {
                    "type": "aws_vpc",
                    "depends_on": [],
                    "primary": {
                        "id": "vpc-1d039e79",
                        "attributes": {
                            "assign_generated_ipv6_cidr_block": "false",
                            "cidr_block": "10.0.0.0/16",
                            "default_network_acl_id": "acl-902f7ef4",
                            "default_route_table_id": "rtb-00597e64",
                            "default_security_group_id": "sg-ecc4a88b",
                            "dhcp_options_id": "dopt-5c2e7d39",
                            "enable_classiclink": "false",
                            "enable_dns_hostnames": "true",
                            "enable_dns_support": "true",
                            "id": "vpc-1d039e79",
                            "instance_tenancy": "default",
                            "main_route_table_id": "rtb-00597e64",
                            "tags.%": "1",
                            "tags.Name": "main"
                        },
                        "meta": {},
                        "tainted": false
                    },
                    "deposed": [],
                    "provider": ""
                }
            },
            "depends_on": []
        }
    ]
}
